// !$*UTF8*$!
{
	archiveVersion = 1;
	classes = {
	};
	objectVersion = 50;
	objects = {

/* Begin PBXBuildFile section */
		209E819621E603E800716F1E /* AppDelegate.swift in Sources */ = {isa = PBXBuildFile; fileRef = 209E819521E603E800716F1E /* AppDelegate.swift */; };
		209E819821E603E800716F1E /* ViewController.swift in Sources */ = {isa = PBXBuildFile; fileRef = 209E819721E603E800716F1E /* ViewController.swift */; };
		209E819B21E603E800716F1E /* Main.storyboard in Resources */ = {isa = PBXBuildFile; fileRef = 209E819921E603E800716F1E /* Main.storyboard */; };
		209E819D21E603E900716F1E /* Assets.xcassets in Resources */ = {isa = PBXBuildFile; fileRef = 209E819C21E603E900716F1E /* Assets.xcassets */; };
		209E81A021E603E900716F1E /* LaunchScreen.storyboard in Resources */ = {isa = PBXBuildFile; fileRef = 209E819E21E603E900716F1E /* LaunchScreen.storyboard */; };
		209E81AB21E603E900716F1E /* ButtonTapsTests.swift in Sources */ = {isa = PBXBuildFile; fileRef = 209E81AA21E603E900716F1E /* ButtonTapsTests.swift */; };
		209E81B621E603E900716F1E /* ButtonTapsUITests.swift in Sources */ = {isa = PBXBuildFile; fileRef = 209E81B521E603E900716F1E /* ButtonTapsUITests.swift */; };
		20E2D68221E60C0400261C11 /* ReactiveExtensions.swift in Sources */ = {isa = PBXBuildFile; fileRef = 20E2D68121E60C0400261C11 /* ReactiveExtensions.swift */; };
		20E2D68421E6176E00261C11 /* ButtonExtensions.swift in Sources */ = {isa = PBXBuildFile; fileRef = 20E2D68321E6176E00261C11 /* ButtonExtensions.swift */; };
		3A4D024588BFF9CB804DDE1B /* Pods_ButtonTaps.framework in Frameworks */ = {isa = PBXBuildFile; fileRef = 60F626EE143CF7A0235A9D2A /* Pods_ButtonTaps.framework */; };
		591513D9EB1BBD77633E3BF2 /* Pods_ButtonTapsUITests.framework in Frameworks */ = {isa = PBXBuildFile; fileRef = 2E7A3CDC53D7703E8A61F9C1 /* Pods_ButtonTapsUITests.framework */; };
		62A95E84DC06EB4BDC40B0DB /* Pods_ButtonTapsTests.framework in Frameworks */ = {isa = PBXBuildFile; fileRef = CAD26702F5961C37164BB21D /* Pods_ButtonTapsTests.framework */; };
/* End PBXBuildFile section */

/* Begin PBXContainerItemProxy section */
		209E81A721E603E900716F1E /* PBXContainerItemProxy */ = {
			isa = PBXContainerItemProxy;
			containerPortal = 209E818A21E603E800716F1E /* Project object */;
			proxyType = 1;
			remoteGlobalIDString = 209E819121E603E800716F1E;
			remoteInfo = ButtonTaps;
		};
		209E81B221E603E900716F1E /* PBXContainerItemProxy */ = {
			isa = PBXContainerItemProxy;
			containerPortal = 209E818A21E603E800716F1E /* Project object */;
			proxyType = 1;
			remoteGlobalIDString = 209E819121E603E800716F1E;
			remoteInfo = ButtonTaps;
		};
/* End PBXContainerItemProxy section */

/* Begin PBXFileReference section */
		106C12A9CA4788CA764CD8CD /* Pods-ButtonTapsTests.release.xcconfig */ = {isa = PBXFileReference; includeInIndex = 1; lastKnownFileType = text.xcconfig; name = "Pods-ButtonTapsTests.release.xcconfig"; path = "Pods/Target Support Files/Pods-ButtonTapsTests/Pods-ButtonTapsTests.release.xcconfig"; sourceTree = "<group>"; };
		209E819221E603E800716F1E /* ButtonTaps.app */ = {isa = PBXFileReference; explicitFileType = wrapper.application; includeInIndex = 0; path = ButtonTaps.app; sourceTree = BUILT_PRODUCTS_DIR; };
		209E819521E603E800716F1E /* AppDelegate.swift */ = {isa = PBXFileReference; lastKnownFileType = sourcecode.swift; path = AppDelegate.swift; sourceTree = "<group>"; };
		209E819721E603E800716F1E /* ViewController.swift */ = {isa = PBXFileReference; lastKnownFileType = sourcecode.swift; path = ViewController.swift; sourceTree = "<group>"; };
		209E819A21E603E800716F1E /* Base */ = {isa = PBXFileReference; lastKnownFileType = file.storyboard; name = Base; path = Base.lproj/Main.storyboard; sourceTree = "<group>"; };
		209E819C21E603E900716F1E /* Assets.xcassets */ = {isa = PBXFileReference; lastKnownFileType = folder.assetcatalog; path = Assets.xcassets; sourceTree = "<group>"; };
		209E819F21E603E900716F1E /* Base */ = {isa = PBXFileReference; lastKnownFileType = file.storyboard; name = Base; path = Base.lproj/LaunchScreen.storyboard; sourceTree = "<group>"; };
		209E81A121E603E900716F1E /* Info.plist */ = {isa = PBXFileReference; lastKnownFileType = text.plist.xml; path = Info.plist; sourceTree = "<group>"; };
		209E81A621E603E900716F1E /* ButtonTapsTests.xctest */ = {isa = PBXFileReference; explicitFileType = wrapper.cfbundle; includeInIndex = 0; path = ButtonTapsTests.xctest; sourceTree = BUILT_PRODUCTS_DIR; };
		209E81AA21E603E900716F1E /* ButtonTapsTests.swift */ = {isa = PBXFileReference; lastKnownFileType = sourcecode.swift; path = ButtonTapsTests.swift; sourceTree = "<group>"; };
		209E81AC21E603E900716F1E /* Info.plist */ = {isa = PBXFileReference; lastKnownFileType = text.plist.xml; path = Info.plist; sourceTree = "<group>"; };
		209E81B121E603E900716F1E /* ButtonTapsUITests.xctest */ = {isa = PBXFileReference; explicitFileType = wrapper.cfbundle; includeInIndex = 0; path = ButtonTapsUITests.xctest; sourceTree = BUILT_PRODUCTS_DIR; };
		209E81B521E603E900716F1E /* ButtonTapsUITests.swift */ = {isa = PBXFileReference; lastKnownFileType = sourcecode.swift; path = ButtonTapsUITests.swift; sourceTree = "<group>"; };
		209E81B721E603E900716F1E /* Info.plist */ = {isa = PBXFileReference; lastKnownFileType = text.plist.xml; path = Info.plist; sourceTree = "<group>"; };
		20E2D68121E60C0400261C11 /* ReactiveExtensions.swift */ = {isa = PBXFileReference; lastKnownFileType = sourcecode.swift; path = ReactiveExtensions.swift; sourceTree = "<group>"; };
		20E2D68321E6176E00261C11 /* ButtonExtensions.swift */ = {isa = PBXFileReference; lastKnownFileType = sourcecode.swift; path = ButtonExtensions.swift; sourceTree = "<group>"; };
		231B4807E360FD4A58D076E9 /* Pods-ButtonTaps.release.xcconfig */ = {isa = PBXFileReference; includeInIndex = 1; lastKnownFileType = text.xcconfig; name = "Pods-ButtonTaps.release.xcconfig"; path = "Pods/Target Support Files/Pods-ButtonTaps/Pods-ButtonTaps.release.xcconfig"; sourceTree = "<group>"; };
		2E7A3CDC53D7703E8A61F9C1 /* Pods_ButtonTapsUITests.framework */ = {isa = PBXFileReference; explicitFileType = wrapper.framework; includeInIndex = 0; path = Pods_ButtonTapsUITests.framework; sourceTree = BUILT_PRODUCTS_DIR; };
		60F626EE143CF7A0235A9D2A /* Pods_ButtonTaps.framework */ = {isa = PBXFileReference; explicitFileType = wrapper.framework; includeInIndex = 0; path = Pods_ButtonTaps.framework; sourceTree = BUILT_PRODUCTS_DIR; };
		660B9233C40A99A9116DEB2F /* Pods-ButtonTaps.debug.xcconfig */ = {isa = PBXFileReference; includeInIndex = 1; lastKnownFileType = text.xcconfig; name = "Pods-ButtonTaps.debug.xcconfig"; path = "Pods/Target Support Files/Pods-ButtonTaps/Pods-ButtonTaps.debug.xcconfig"; sourceTree = "<group>"; };
		87AC37DC0C8A147554F93E76 /* Pods-ButtonTapsTests.debug.xcconfig */ = {isa = PBXFileReference; includeInIndex = 1; lastKnownFileType = text.xcconfig; name = "Pods-ButtonTapsTests.debug.xcconfig"; path = "Pods/Target Support Files/Pods-ButtonTapsTests/Pods-ButtonTapsTests.debug.xcconfig"; sourceTree = "<group>"; };
		CAD26702F5961C37164BB21D /* Pods_ButtonTapsTests.framework */ = {isa = PBXFileReference; explicitFileType = wrapper.framework; includeInIndex = 0; path = Pods_ButtonTapsTests.framework; sourceTree = BUILT_PRODUCTS_DIR; };
		D39F6429CFFB6B71FF9F0624 /* Pods-ButtonTapsUITests.debug.xcconfig */ = {isa = PBXFileReference; includeInIndex = 1; lastKnownFileType = text.xcconfig; name = "Pods-ButtonTapsUITests.debug.xcconfig"; path = "Pods/Target Support Files/Pods-ButtonTapsUITests/Pods-ButtonTapsUITests.debug.xcconfig"; sourceTree = "<group>"; };
		DBB71C15941E87114133D8FF /* Pods-ButtonTapsUITests.release.xcconfig */ = {isa = PBXFileReference; includeInIndex = 1; lastKnownFileType = text.xcconfig; name = "Pods-ButtonTapsUITests.release.xcconfig"; path = "Pods/Target Support Files/Pods-ButtonTapsUITests/Pods-ButtonTapsUITests.release.xcconfig"; sourceTree = "<group>"; };
/* End PBXFileReference section */

/* Begin PBXFrameworksBuildPhase section */
		209E818F21E603E800716F1E /* Frameworks */ = {
			isa = PBXFrameworksBuildPhase;
			buildActionMask = 2147483647;
			files = (
				3A4D024588BFF9CB804DDE1B /* Pods_ButtonTaps.framework in Frameworks */,
			);
			runOnlyForDeploymentPostprocessing = 0;
		};
		209E81A321E603E900716F1E /* Frameworks */ = {
			isa = PBXFrameworksBuildPhase;
			buildActionMask = 2147483647;
			files = (
				62A95E84DC06EB4BDC40B0DB /* Pods_ButtonTapsTests.framework in Frameworks */,
			);
			runOnlyForDeploymentPostprocessing = 0;
		};
		209E81AE21E603E900716F1E /* Frameworks */ = {
			isa = PBXFrameworksBuildPhase;
			buildActionMask = 2147483647;
			files = (
				591513D9EB1BBD77633E3BF2 /* Pods_ButtonTapsUITests.framework in Frameworks */,
			);
			runOnlyForDeploymentPostprocessing = 0;
		};
/* End PBXFrameworksBuildPhase section */

/* Begin PBXGroup section */
		209E818921E603E800716F1E = {
			isa = PBXGroup;
			children = (
				209E819421E603E800716F1E /* ButtonTaps */,
				209E81A921E603E900716F1E /* ButtonTapsTests */,
				209E81B421E603E900716F1E /* ButtonTapsUITests */,
				209E819321E603E800716F1E /* Products */,
				85582B719E35D288CD501236 /* Pods */,
				C93796B28B93B8CC90DE98A3 /* Frameworks */,
			);
			sourceTree = "<group>";
		};
		209E819321E603E800716F1E /* Products */ = {
			isa = PBXGroup;
			children = (
				209E819221E603E800716F1E /* ButtonTaps.app */,
				209E81A621E603E900716F1E /* ButtonTapsTests.xctest */,
				209E81B121E603E900716F1E /* ButtonTapsUITests.xctest */,
			);
			name = Products;
			sourceTree = "<group>";
		};
		209E819421E603E800716F1E /* ButtonTaps */ = {
			isa = PBXGroup;
			children = (
				20E2D68021E60BED00261C11 /* Extensions */,
				209E819521E603E800716F1E /* AppDelegate.swift */,
				209E819721E603E800716F1E /* ViewController.swift */,
				209E819921E603E800716F1E /* Main.storyboard */,
				209E819C21E603E900716F1E /* Assets.xcassets */,
				209E819E21E603E900716F1E /* LaunchScreen.storyboard */,
				209E81A121E603E900716F1E /* Info.plist */,
			);
			path = ButtonTaps;
			sourceTree = "<group>";
		};
		209E81A921E603E900716F1E /* ButtonTapsTests */ = {
			isa = PBXGroup;
			children = (
				209E81AA21E603E900716F1E /* ButtonTapsTests.swift */,
				209E81AC21E603E900716F1E /* Info.plist */,
			);
			path = ButtonTapsTests;
			sourceTree = "<group>";
		};
		209E81B421E603E900716F1E /* ButtonTapsUITests */ = {
			isa = PBXGroup;
			children = (
				209E81B521E603E900716F1E /* ButtonTapsUITests.swift */,
				209E81B721E603E900716F1E /* Info.plist */,
			);
			path = ButtonTapsUITests;
			sourceTree = "<group>";
		};
		20E2D68021E60BED00261C11 /* Extensions */ = {
			isa = PBXGroup;
			children = (
				20E2D68121E60C0400261C11 /* ReactiveExtensions.swift */,
				20E2D68321E6176E00261C11 /* ButtonExtensions.swift */,
			);
			path = Extensions;
			sourceTree = "<group>";
		};
		85582B719E35D288CD501236 /* Pods */ = {
			isa = PBXGroup;
			children = (
				660B9233C40A99A9116DEB2F /* Pods-ButtonTaps.debug.xcconfig */,
				231B4807E360FD4A58D076E9 /* Pods-ButtonTaps.release.xcconfig */,
				87AC37DC0C8A147554F93E76 /* Pods-ButtonTapsTests.debug.xcconfig */,
				106C12A9CA4788CA764CD8CD /* Pods-ButtonTapsTests.release.xcconfig */,
				D39F6429CFFB6B71FF9F0624 /* Pods-ButtonTapsUITests.debug.xcconfig */,
				DBB71C15941E87114133D8FF /* Pods-ButtonTapsUITests.release.xcconfig */,
			);
			name = Pods;
			sourceTree = "<group>";
		};
		C93796B28B93B8CC90DE98A3 /* Frameworks */ = {
			isa = PBXGroup;
			children = (
				60F626EE143CF7A0235A9D2A /* Pods_ButtonTaps.framework */,
				CAD26702F5961C37164BB21D /* Pods_ButtonTapsTests.framework */,
				2E7A3CDC53D7703E8A61F9C1 /* Pods_ButtonTapsUITests.framework */,
			);
			name = Frameworks;
			sourceTree = "<group>";
		};
/* End PBXGroup section */

/* Begin PBXNativeTarget section */
		209E819121E603E800716F1E /* ButtonTaps */ = {
			isa = PBXNativeTarget;
			buildConfigurationList = 209E81BA21E603E900716F1E /* Build configuration list for PBXNativeTarget "ButtonTaps" */;
			buildPhases = (
				6F7368228A9F39EA0DDF50E4 /* [CP] Check Pods Manifest.lock */,
				209E818E21E603E800716F1E /* Sources */,
				209E818F21E603E800716F1E /* Frameworks */,
				209E819021E603E800716F1E /* Resources */,
				468293DB8058D8708CDA7B16 /* [CP] Embed Pods Frameworks */,
			);
			buildRules = (
			);
			dependencies = (
			);
			name = ButtonTaps;
			productName = ButtonTaps;
			productReference = 209E819221E603E800716F1E /* ButtonTaps.app */;
			productType = "com.apple.product-type.application";
		};
		209E81A521E603E900716F1E /* ButtonTapsTests */ = {
			isa = PBXNativeTarget;
			buildConfigurationList = 209E81BD21E603E900716F1E /* Build configuration list for PBXNativeTarget "ButtonTapsTests" */;
			buildPhases = (
				9529F94B05536F84876C88D4 /* [CP] Check Pods Manifest.lock */,
				209E81A221E603E900716F1E /* Sources */,
				209E81A321E603E900716F1E /* Frameworks */,
				209E81A421E603E900716F1E /* Resources */,
			);
			buildRules = (
			);
			dependencies = (
				209E81A821E603E900716F1E /* PBXTargetDependency */,
			);
			name = ButtonTapsTests;
			productName = ButtonTapsTests;
			productReference = 209E81A621E603E900716F1E /* ButtonTapsTests.xctest */;
			productType = "com.apple.product-type.bundle.unit-test";
		};
		209E81B021E603E900716F1E /* ButtonTapsUITests */ = {
			isa = PBXNativeTarget;
			buildConfigurationList = 209E81C021E603E900716F1E /* Build configuration list for PBXNativeTarget "ButtonTapsUITests" */;
			buildPhases = (
				10CED5C2E9E56FC432F33D56 /* [CP] Check Pods Manifest.lock */,
				209E81AD21E603E900716F1E /* Sources */,
				209E81AE21E603E900716F1E /* Frameworks */,
				209E81AF21E603E900716F1E /* Resources */,
			);
			buildRules = (
			);
			dependencies = (
				209E81B321E603E900716F1E /* PBXTargetDependency */,
			);
			name = ButtonTapsUITests;
			productName = ButtonTapsUITests;
			productReference = 209E81B121E603E900716F1E /* ButtonTapsUITests.xctest */;
			productType = "com.apple.product-type.bundle.ui-testing";
		};
/* End PBXNativeTarget section */

/* Begin PBXProject section */
		209E818A21E603E800716F1E /* Project object */ = {
			isa = PBXProject;
			attributes = {
				LastSwiftUpdateCheck = 1010;
				LastUpgradeCheck = 1010;
				ORGANIZATIONNAME = "Mighty Strong Software";
				TargetAttributes = {
					209E819121E603E800716F1E = {
						CreatedOnToolsVersion = 10.1;
					};
					209E81A521E603E900716F1E = {
						CreatedOnToolsVersion = 10.1;
						TestTargetID = 209E819121E603E800716F1E;
					};
					209E81B021E603E900716F1E = {
						CreatedOnToolsVersion = 10.1;
						TestTargetID = 209E819121E603E800716F1E;
					};
				};
			};
			buildConfigurationList = 209E818D21E603E800716F1E /* Build configuration list for PBXProject "ButtonTaps" */;
			compatibilityVersion = "Xcode 9.3";
			developmentRegion = en;
			hasScannedForEncodings = 0;
			knownRegions = (
				en,
				Base,
			);
			mainGroup = 209E818921E603E800716F1E;
			productRefGroup = 209E819321E603E800716F1E /* Products */;
			projectDirPath = "";
			projectRoot = "";
			targets = (
				209E819121E603E800716F1E /* ButtonTaps */,
				209E81A521E603E900716F1E /* ButtonTapsTests */,
				209E81B021E603E900716F1E /* ButtonTapsUITests */,
			);
		};
/* End PBXProject section */

/* Begin PBXResourcesBuildPhase section */
		209E819021E603E800716F1E /* Resources */ = {
			isa = PBXResourcesBuildPhase;
			buildActionMask = 2147483647;
			files = (
				209E81A021E603E900716F1E /* LaunchScreen.storyboard in Resources */,
				209E819D21E603E900716F1E /* Assets.xcassets in Resources */,
				209E819B21E603E800716F1E /* Main.storyboard in Resources */,
			);
			runOnlyForDeploymentPostprocessing = 0;
		};
		209E81A421E603E900716F1E /* Resources */ = {
			isa = PBXResourcesBuildPhase;
			buildActionMask = 2147483647;
			files = (
			);
			runOnlyForDeploymentPostprocessing = 0;
		};
		209E81AF21E603E900716F1E /* Resources */ = {
			isa = PBXResourcesBuildPhase;
			buildActionMask = 2147483647;
			files = (
			);
			runOnlyForDeploymentPostprocessing = 0;
		};
/* End PBXResourcesBuildPhase section */

/* Begin PBXShellScriptBuildPhase section */
		10CED5C2E9E56FC432F33D56 /* [CP] Check Pods Manifest.lock */ = {
			isa = PBXShellScriptBuildPhase;
			buildActionMask = 2147483647;
			files = (
			);
			inputPaths = (
				"${PODS_PODFILE_DIR_PATH}/Podfile.lock",
				"${PODS_ROOT}/Manifest.lock",
			);
			name = "[CP] Check Pods Manifest.lock";
			outputPaths = (
				"$(DERIVED_FILE_DIR)/Pods-ButtonTapsUITests-checkManifestLockResult.txt",
			);
			runOnlyForDeploymentPostprocessing = 0;
			shellPath = /bin/sh;
			shellScript = "diff \"${PODS_PODFILE_DIR_PATH}/Podfile.lock\" \"${PODS_ROOT}/Manifest.lock\" > /dev/null\nif [ $? != 0 ] ; then\n    # print error to STDERR\n    echo \"error: The sandbox is not in sync with the Podfile.lock. Run 'pod install' or update your CocoaPods installation.\" >&2\n    exit 1\nfi\n# This output is used by Xcode 'outputs' to avoid re-running this script phase.\necho \"SUCCESS\" > \"${SCRIPT_OUTPUT_FILE_0}\"\n";
			showEnvVarsInLog = 0;
		};
		468293DB8058D8708CDA7B16 /* [CP] Embed Pods Frameworks */ = {
			isa = PBXShellScriptBuildPhase;
			buildActionMask = 2147483647;
			files = (
			);
			inputPaths = (
				"${SRCROOT}/Pods/Target Support Files/Pods-ButtonTaps/Pods-ButtonTaps-frameworks.sh",
				"${BUILT_PRODUCTS_DIR}/RxAtomic/RxAtomic.framework",
				"${BUILT_PRODUCTS_DIR}/RxCocoa/RxCocoa.framework",
				"${BUILT_PRODUCTS_DIR}/RxSwift/RxSwift.framework",
			);
			name = "[CP] Embed Pods Frameworks";
			outputPaths = (
				"${TARGET_BUILD_DIR}/${FRAMEWORKS_FOLDER_PATH}/RxAtomic.framework",
				"${TARGET_BUILD_DIR}/${FRAMEWORKS_FOLDER_PATH}/RxCocoa.framework",
				"${TARGET_BUILD_DIR}/${FRAMEWORKS_FOLDER_PATH}/RxSwift.framework",
			);
			runOnlyForDeploymentPostprocessing = 0;
			shellPath = /bin/sh;
			shellScript = "\"${SRCROOT}/Pods/Target Support Files/Pods-ButtonTaps/Pods-ButtonTaps-frameworks.sh\"\n";
			showEnvVarsInLog = 0;
		};
		6F7368228A9F39EA0DDF50E4 /* [CP] Check Pods Manifest.lock */ = {
			isa = PBXShellScriptBuildPhase;
			buildActionMask = 2147483647;
			files = (
			);
			inputPaths = (
				"${PODS_PODFILE_DIR_PATH}/Podfile.lock",
				"${PODS_ROOT}/Manifest.lock",
			);
			name = "[CP] Check Pods Manifest.lock";
			outputPaths = (
				"$(DERIVED_FILE_DIR)/Pods-ButtonTaps-checkManifestLockResult.txt",
			);
			runOnlyForDeploymentPostprocessing = 0;
			shellPath = /bin/sh;
			shellScript = "diff \"${PODS_PODFILE_DIR_PATH}/Podfile.lock\" \"${PODS_ROOT}/Manifest.lock\" > /dev/null\nif [ $? != 0 ] ; then\n    # print error to STDERR\n    echo \"error: The sandbox is not in sync with the Podfile.lock. Run 'pod install' or update your CocoaPods installation.\" >&2\n    exit 1\nfi\n# This output is used by Xcode 'outputs' to avoid re-running this script phase.\necho \"SUCCESS\" > \"${SCRIPT_OUTPUT_FILE_0}\"\n";
			showEnvVarsInLog = 0;
		};
		9529F94B05536F84876C88D4 /* [CP] Check Pods Manifest.lock */ = {
			isa = PBXShellScriptBuildPhase;
			buildActionMask = 2147483647;
			files = (
			);
			inputPaths = (
				"${PODS_PODFILE_DIR_PATH}/Podfile.lock",
				"${PODS_ROOT}/Manifest.lock",
			);
			name = "[CP] Check Pods Manifest.lock";
			outputPaths = (
				"$(DERIVED_FILE_DIR)/Pods-ButtonTapsTests-checkManifestLockResult.txt",
			);
			runOnlyForDeploymentPostprocessing = 0;
			shellPath = /bin/sh;
			shellScript = "diff \"${PODS_PODFILE_DIR_PATH}/Podfile.lock\" \"${PODS_ROOT}/Manifest.lock\" > /dev/null\nif [ $? != 0 ] ; then\n    # print error to STDERR\n    echo \"error: The sandbox is not in sync with the Podfile.lock. Run 'pod install' or update your CocoaPods installation.\" >&2\n    exit 1\nfi\n# This output is used by Xcode 'outputs' to avoid re-running this script phase.\necho \"SUCCESS\" > \"${SCRIPT_OUTPUT_FILE_0}\"\n";
			showEnvVarsInLog = 0;
		};
/* End PBXShellScriptBuildPhase section */

/* Begin PBXSourcesBuildPhase section */
		209E818E21E603E800716F1E /* Sources */ = {
			isa = PBXSourcesBuildPhase;
			buildActionMask = 2147483647;
			files = (
				209E819821E603E800716F1E /* ViewController.swift in Sources */,
				20E2D68421E6176E00261C11 /* ButtonExtensions.swift in Sources */,
				20E2D68221E60C0400261C11 /* ReactiveExtensions.swift in Sources */,
				209E819621E603E800716F1E /* AppDelegate.swift in Sources */,
			);
			runOnlyForDeploymentPostprocessing = 0;
		};
		209E81A221E603E900716F1E /* Sources */ = {
			isa = PBXSourcesBuildPhase;
			buildActionMask = 2147483647;
			files = (
				209E81AB21E603E900716F1E /* ButtonTapsTests.swift in Sources */,
			);
			runOnlyForDeploymentPostprocessing = 0;
		};
		209E81AD21E603E900716F1E /* Sources */ = {
			isa = PBXSourcesBuildPhase;
			buildActionMask = 2147483647;
			files = (
				209E81B621E603E900716F1E /* ButtonTapsUITests.swift in Sources */,
			);
			runOnlyForDeploymentPostprocessing = 0;
		};
/* End PBXSourcesBuildPhase section */

/* Begin PBXTargetDependency section */
		209E81A821E603E900716F1E /* PBXTargetDependency */ = {
			isa = PBXTargetDependency;
			target = 209E819121E603E800716F1E /* ButtonTaps */;
			targetProxy = 209E81A721E603E900716F1E /* PBXContainerItemProxy */;
		};
		209E81B321E603E900716F1E /* PBXTargetDependency */ = {
			isa = PBXTargetDependency;
			target = 209E819121E603E800716F1E /* ButtonTaps */;
			targetProxy = 209E81B221E603E900716F1E /* PBXContainerItemProxy */;
		};
/* End PBXTargetDependency section */

/* Begin PBXVariantGroup section */
		209E819921E603E800716F1E /* Main.storyboard */ = {
			isa = PBXVariantGroup;
			children = (
				209E819A21E603E800716F1E /* Base */,
			);
			name = Main.storyboard;
			sourceTree = "<group>";
		};
		209E819E21E603E900716F1E /* LaunchScreen.storyboard */ = {
			isa = PBXVariantGroup;
			children = (
				209E819F21E603E900716F1E /* Base */,
			);
			name = LaunchScreen.storyboard;
			sourceTree = "<group>";
		};
/* End PBXVariantGroup section */

/* Begin XCBuildConfiguration section */
		209E81B821E603E900716F1E /* Debug */ = {
			isa = XCBuildConfiguration;
			buildSettings = {
				ALWAYS_SEARCH_USER_PATHS = NO;
				CLANG_ANALYZER_NONNULL = YES;
				CLANG_ANALYZER_NUMBER_OBJECT_CONVERSION = YES_AGGRESSIVE;
				CLANG_CXX_LANGUAGE_STANDARD = "gnu++14";
				CLANG_CXX_LIBRARY = "libc++";
				CLANG_ENABLE_MODULES = YES;
				CLANG_ENABLE_OBJC_ARC = YES;
				CLANG_ENABLE_OBJC_WEAK = YES;
				CLANG_WARN_BLOCK_CAPTURE_AUTORELEASING = YES;
				CLANG_WARN_BOOL_CONVERSION = YES;
				CLANG_WARN_COMMA = YES;
				CLANG_WARN_CONSTANT_CONVERSION = YES;
				CLANG_WARN_DEPRECATED_OBJC_IMPLEMENTATIONS = YES;
				CLANG_WARN_DIRECT_OBJC_ISA_USAGE = YES_ERROR;
				CLANG_WARN_DOCUMENTATION_COMMENTS = YES;
				CLANG_WARN_EMPTY_BODY = YES;
				CLANG_WARN_ENUM_CONVERSION = YES;
				CLANG_WARN_INFINITE_RECURSION = YES;
				CLANG_WARN_INT_CONVERSION = YES;
				CLANG_WARN_NON_LITERAL_NULL_CONVERSION = YES;
				CLANG_WARN_OBJC_IMPLICIT_RETAIN_SELF = YES;
				CLANG_WARN_OBJC_LITERAL_CONVERSION = YES;
				CLANG_WARN_OBJC_ROOT_CLASS = YES_ERROR;
				CLANG_WARN_RANGE_LOOP_ANALYSIS = YES;
				CLANG_WARN_STRICT_PROTOTYPES = YES;
				CLANG_WARN_SUSPICIOUS_MOVE = YES;
				CLANG_WARN_UNGUARDED_AVAILABILITY = YES_AGGRESSIVE;
				CLANG_WARN_UNREACHABLE_CODE = YES;
				CLANG_WARN__DUPLICATE_METHOD_MATCH = YES;
				CODE_SIGN_IDENTITY = "iPhone Developer";
				COPY_PHASE_STRIP = NO;
				DEBUG_INFORMATION_FORMAT = dwarf;
				ENABLE_STRICT_OBJC_MSGSEND = YES;
				ENABLE_TESTABILITY = YES;
				GCC_C_LANGUAGE_STANDARD = gnu11;
				GCC_DYNAMIC_NO_PIC = NO;
				GCC_NO_COMMON_BLOCKS = YES;
				GCC_OPTIMIZATION_LEVEL = 0;
				GCC_PREPROCESSOR_DEFINITIONS = (
					"DEBUG=1",
					"$(inherited)",
				);
				GCC_WARN_64_TO_32_BIT_CONVERSION = YES;
				GCC_WARN_ABOUT_RETURN_TYPE = YES_ERROR;
				GCC_WARN_UNDECLARED_SELECTOR = YES;
				GCC_WARN_UNINITIALIZED_AUTOS = YES_AGGRESSIVE;
				GCC_WARN_UNUSED_FUNCTION = YES;
				GCC_WARN_UNUSED_VARIABLE = YES;
				IPHONEOS_DEPLOYMENT_TARGET = 12.1;
				MTL_ENABLE_DEBUG_INFO = INCLUDE_SOURCE;
				MTL_FAST_MATH = YES;
				ONLY_ACTIVE_ARCH = YES;
				SDKROOT = iphoneos;
				SWIFT_ACTIVE_COMPILATION_CONDITIONS = DEBUG;
				SWIFT_OPTIMIZATION_LEVEL = "-Onone";
			};
			name = Debug;
		};
		209E81B921E603E900716F1E /* Release */ = {
			isa = XCBuildConfiguration;
			buildSettings = {
				ALWAYS_SEARCH_USER_PATHS = NO;
				CLANG_ANALYZER_NONNULL = YES;
				CLANG_ANALYZER_NUMBER_OBJECT_CONVERSION = YES_AGGRESSIVE;
				CLANG_CXX_LANGUAGE_STANDARD = "gnu++14";
				CLANG_CXX_LIBRARY = "libc++";
				CLANG_ENABLE_MODULES = YES;
				CLANG_ENABLE_OBJC_ARC = YES;
				CLANG_ENABLE_OBJC_WEAK = YES;
				CLANG_WARN_BLOCK_CAPTURE_AUTORELEASING = YES;
				CLANG_WARN_BOOL_CONVERSION = YES;
				CLANG_WARN_COMMA = YES;
				CLANG_WARN_CONSTANT_CONVERSION = YES;
				CLANG_WARN_DEPRECATED_OBJC_IMPLEMENTATIONS = YES;
				CLANG_WARN_DIRECT_OBJC_ISA_USAGE = YES_ERROR;
				CLANG_WARN_DOCUMENTATION_COMMENTS = YES;
				CLANG_WARN_EMPTY_BODY = YES;
				CLANG_WARN_ENUM_CONVERSION = YES;
				CLANG_WARN_INFINITE_RECURSION = YES;
				CLANG_WARN_INT_CONVERSION = YES;
				CLANG_WARN_NON_LITERAL_NULL_CONVERSION = YES;
				CLANG_WARN_OBJC_IMPLICIT_RETAIN_SELF = YES;
				CLANG_WARN_OBJC_LITERAL_CONVERSION = YES;
				CLANG_WARN_OBJC_ROOT_CLASS = YES_ERROR;
				CLANG_WARN_RANGE_LOOP_ANALYSIS = YES;
				CLANG_WARN_STRICT_PROTOTYPES = YES;
				CLANG_WARN_SUSPICIOUS_MOVE = YES;
				CLANG_WARN_UNGUARDED_AVAILABILITY = YES_AGGRESSIVE;
				CLANG_WARN_UNREACHABLE_CODE = YES;
				CLANG_WARN__DUPLICATE_METHOD_MATCH = YES;
				CODE_SIGN_IDENTITY = "iPhone Developer";
				COPY_PHASE_STRIP = NO;
				DEBUG_INFORMATION_FORMAT = "dwarf-with-dsym";
				ENABLE_NS_ASSERTIONS = NO;
				ENABLE_STRICT_OBJC_MSGSEND = YES;
				GCC_C_LANGUAGE_STANDARD = gnu11;
				GCC_NO_COMMON_BLOCKS = YES;
				GCC_WARN_64_TO_32_BIT_CONVERSION = YES;
				GCC_WARN_ABOUT_RETURN_TYPE = YES_ERROR;
				GCC_WARN_UNDECLARED_SELECTOR = YES;
				GCC_WARN_UNINITIALIZED_AUTOS = YES_AGGRESSIVE;
				GCC_WARN_UNUSED_FUNCTION = YES;
				GCC_WARN_UNUSED_VARIABLE = YES;
				IPHONEOS_DEPLOYMENT_TARGET = 12.1;
				MTL_ENABLE_DEBUG_INFO = NO;
				MTL_FAST_MATH = YES;
				SDKROOT = iphoneos;
				SWIFT_COMPILATION_MODE = wholemodule;
				SWIFT_OPTIMIZATION_LEVEL = "-O";
				VALIDATE_PRODUCT = YES;
			};
			name = Release;
		};
		209E81BB21E603E900716F1E /* Debug */ = {
			isa = XCBuildConfiguration;
			baseConfigurationReference = 660B9233C40A99A9116DEB2F /* Pods-ButtonTaps.debug.xcconfig */;
			buildSettings = {
				ASSETCATALOG_COMPILER_APPICON_NAME = AppIcon;
				CODE_SIGN_STYLE = Automatic;
				DEVELOPMENT_TEAM = Q7BEAG244J;
				INFOPLIST_FILE = ButtonTaps/Info.plist;
				LD_RUNPATH_SEARCH_PATHS = (
					"$(inherited)",
					"@executable_path/Frameworks",
				);
				PRODUCT_BUNDLE_IDENTIFIER = com.mightystrong.ButtonTaps;
				PRODUCT_NAME = "$(TARGET_NAME)";
				SWIFT_VERSION = 4.2;
				TARGETED_DEVICE_FAMILY = "1,2";
			};
			name = Debug;
		};
		209E81BC21E603E900716F1E /* Release */ = {
			isa = XCBuildConfiguration;
			baseConfigurationReference = 231B4807E360FD4A58D076E9 /* Pods-ButtonTaps.release.xcconfig */;
			buildSettings = {
				ASSETCATALOG_COMPILER_APPICON_NAME = AppIcon;
				CODE_SIGN_STYLE = Automatic;
				DEVELOPMENT_TEAM = Q7BEAG244J;
				INFOPLIST_FILE = ButtonTaps/Info.plist;
				LD_RUNPATH_SEARCH_PATHS = (
					"$(inherited)",
					"@executable_path/Frameworks",
				);
				PRODUCT_BUNDLE_IDENTIFIER = com.mightystrong.ButtonTaps;
				PRODUCT_NAME = "$(TARGET_NAME)";
				SWIFT_VERSION = 4.2;
				TARGETED_DEVICE_FAMILY = "1,2";
			};
			name = Release;
		};
		209E81BE21E603E900716F1E /* Debug */ = {
			isa = XCBuildConfiguration;
			baseConfigurationReference = 87AC37DC0C8A147554F93E76 /* Pods-ButtonTapsTests.debug.xcconfig */;
			buildSettings = {
				ALWAYS_EMBED_SWIFT_STANDARD_LIBRARIES = YES;
				BUNDLE_LOADER = "$(TEST_HOST)";
				CODE_SIGN_STYLE = Automatic;
				DEVELOPMENT_TEAM = Q7BEAG244J;
				INFOPLIST_FILE = ButtonTapsTests/Info.plist;
				LD_RUNPATH_SEARCH_PATHS = (
					"$(inherited)",
					"@executable_path/Frameworks",
					"@loader_path/Frameworks",
				);
				PRODUCT_BUNDLE_IDENTIFIER = com.mightystrong.ButtonTapsTests;
				PRODUCT_NAME = "$(TARGET_NAME)";
				SWIFT_VERSION = 4.2;
				TARGETED_DEVICE_FAMILY = "1,2";
				TEST_HOST = "$(BUILT_PRODUCTS_DIR)/ButtonTaps.app/ButtonTaps";
			};
			name = Debug;
		};
		209E81BF21E603E900716F1E /* Release */ = {
			isa = XCBuildConfiguration;
			baseConfigurationReference = 106C12A9CA4788CA764CD8CD /* Pods-ButtonTapsTests.release.xcconfig */;
			buildSettings = {
				ALWAYS_EMBED_SWIFT_STANDARD_LIBRARIES = YES;
				BUNDLE_LOADER = "$(TEST_HOST)";
				CODE_SIGN_STYLE = Automatic;
				DEVELOPMENT_TEAM = Q7BEAG244J;
				INFOPLIST_FILE = ButtonTapsTests/Info.plist;
				LD_RUNPATH_SEARCH_PATHS = (
					"$(inherited)",
					"@executable_path/Frameworks",
					"@loader_path/Frameworks",
				);
				PRODUCT_BUNDLE_IDENTIFIER = com.mightystrong.ButtonTapsTests;
				PRODUCT_NAME = "$(TARGET_NAME)";
				SWIFT_VERSION = 4.2;
				TARGETED_DEVICE_FAMILY = "1,2";
				TEST_HOST = "$(BUILT_PRODUCTS_DIR)/ButtonTaps.app/ButtonTaps";
			};
			name = Release;
		};
		209E81C121E603E900716F1E /* Debug */ = {
			isa = XCBuildConfiguration;
			baseConfigurationReference = D39F6429CFFB6B71FF9F0624 /* Pods-ButtonTapsUITests.debug.xcconfig */;
			buildSettings = {
				ALWAYS_EMBED_SWIFT_STANDARD_LIBRARIES = YES;
				CODE_SIGN_STYLE = Automatic;
				DEVELOPMENT_TEAM = Q7BEAG244J;
				INFOPLIST_FILE = ButtonTapsUITests/Info.plist;
				LD_RUNPATH_SEARCH_PATHS = (
					"$(inherited)",
					"@executable_path/Frameworks",
					"@loader_path/Frameworks",
				);
				PRODUCT_BUNDLE_IDENTIFIER = com.mightystrong.ButtonTapsUITests;
				PRODUCT_NAME = "$(TARGET_NAME)";
				SWIFT_VERSION = 4.2;
				TARGETED_DEVICE_FAMILY = "1,2";
				TEST_TARGET_NAME = ButtonTaps;
			};
			name = Debug;
		};
		209E81C221E603E900716F1E /* Release */ = {
			isa = XCBuildConfiguration;
			baseConfigurationReference = DBB71C15941E87114133D8FF /* Pods-ButtonTapsUITests.release.xcconfig */;
			buildSettings = {
				ALWAYS_EMBED_SWIFT_STANDARD_LIBRARIES = YES;
				CODE_SIGN_STYLE = Automatic;
				DEVELOPMENT_TEAM = Q7BEAG244J;
				INFOPLIST_FILE = ButtonTapsUITests/Info.plist;
				LD_RUNPATH_SEARCH_PATHS = (
					"$(inherited)",
					"@executable_path/Frameworks",
					"@loader_path/Frameworks",
				);
				PRODUCT_BUNDLE_IDENTIFIER = com.mightystrong.ButtonTapsUITests;
				PRODUCT_NAME = "$(TARGET_NAME)";
				SWIFT_VERSION = 4.2;
				TARGETED_DEVICE_FAMILY = "1,2";
				TEST_TARGET_NAME = ButtonTaps;
			};
			name = Release;
		};
/* End XCBuildConfiguration section */

/* Begin XCConfigurationList section */
		209E818D21E603E800716F1E /* Build configuration list for PBXProject "ButtonTaps" */ = {
			isa = XCConfigurationList;
			buildConfigurations = (
				209E81B821E603E900716F1E /* Debug */,
				209E81B921E603E900716F1E /* Release */,
			);
			defaultConfigurationIsVisible = 0;
			defaultConfigurationName = Release;
		};
		209E81BA21E603E900716F1E /* Build configuration list for PBXNativeTarget "ButtonTaps" */ = {
			isa = XCConfigurationList;
			buildConfigurations = (
				209E81BB21E603E900716F1E /* Debug */,
				209E81BC21E603E900716F1E /* Release */,
			);
			defaultConfigurationIsVisible = 0;
			defaultConfigurationName = Release;
		};
		209E81BD21E603E900716F1E /* Build configuration list for PBXNativeTarget "ButtonTapsTests" */ = {
			isa = XCConfigurationList;
			buildConfigurations = (
				209E81BE21E603E900716F1E /* Debug */,
				209E81BF21E603E900716F1E /* Release */,
			);
			defaultConfigurationIsVisible = 0;
			defaultConfigurationName = Release;
		};
		209E81C021E603E900716F1E /* Build configuration list for PBXNativeTarget "ButtonTapsUITests" */ = {
			isa = XCConfigurationList;
			buildConfigurations = (
				209E81C121E603E900716F1E /* Debug */,
				209E81C221E603E900716F1E /* Release */,
			);
			defaultConfigurationIsVisible = 0;
			defaultConfigurationName = Release;
		};
/* End XCConfigurationList section */
	};
	rootObject = 209E818A21E603E800716F1E /* Project object */;
}
